{
  "name": "npm-ndi",
  "version": "0.0.1",
  "lockfileVersion": 1,
  "requires": true,
  "dependencies": {
    "grunt-env": {
      "version": "1.0.1",
      "resolved": "https://registry.npmjs.org/grunt-env/-/grunt-env-1.0.1.tgz",
      "integrity": "sha512-Hw4iIJ58yYA8kJaP4UUyfw807DUI1FRnow9hhRMnq366bwCnxiBWOgfZsYilcs3Jh1qsGC/i3+G+7/W18hA1TA==",
      "requires": {
        "ini": "^1.3.5",
        "lodash": "^4.17.14"
      }
    },
    "ini": {
      "version": "1.3.5",
      "resolved": "https://registry.npmjs.org/ini/-/ini-1.3.5.tgz",
      "integrity": "sha512-RZY5huIKCMRWDUqZlEi72f/lmXKMvuszcMBduliQ3nnWbx9X/ZBQO7DijMEYS9EhHBb2qacRUMtC7svLwe0lcw=="
    },
    "lodash": {
      "version": "4.17.15",
      "resolved": "https://registry.npmjs.org/lodash/-/lodash-4.17.15.tgz",
      "integrity": "sha512-8xOcRHvCjnocdS5cpwXQXVzmmh5e5+saE2QGoeQmbKmRS6J3VQppPOIt0MnmE+4xlZoumy0GPG0D0MVIQbNA1A=="
    }
  }
}
