{
  "name": "npm-ndi-2",
  "version": "0.0.1",
  "lockfileVersion": 1,
  "requires": true,
  "dependencies": {
    "d3-ease": {
      "version": "2.0.0",
      "resolved": "https://registry.npmjs.org/d3-ease/-/d3-ease-2.0.0.tgz",
      "integrity": "sha512-68/n9JWarxXkOWMshcT5IcjbB+agblQUaIsbnXmrzejn2O82n3p2A9R2zEB9HIEFWKFwPAEDDN8gR0VdSAyyAQ=="
    }
  }
}
